// !$*UTF8*$!
{
	archiveVersion = 1;
	classes = {
	};
	objectVersion = 56;
	objects = {

/* Begin PBXBuildFile section */
		0DE7C2342AB58E88007701E6 /* Ext+Color.swift in Sources */ = {isa = PBXBuildFile; fileRef = 0DE7C2332AB58E88007701E6 /* Ext+Color.swift */; };
		0DE7C2372AB58F94007701E6 /* Colors.swift in Sources */ = {isa = PBXBuildFile; fileRef = 0DE7C2362AB58F94007701E6 /* Colors.swift */; };
		0DE7C23B2AB59485007701E6 /* Ext+UIScreen.swift in Sources */ = {isa = PBXBuildFile; fileRef = 0DE7C23A2AB59485007701E6 /* Ext+UIScreen.swift */; };
		0DE7C23D2AB594B4007701E6 /* Ext+Font.swift in Sources */ = {isa = PBXBuildFile; fileRef = 0DE7C23C2AB594B4007701E6 /* Ext+Font.swift */; };
		0DE7C23F2AB597D7007701E6 /* HomeVM.swift in Sources */ = {isa = PBXBuildFile; fileRef = 0DE7C23E2AB597D7007701E6 /* HomeVM.swift */; };
		0DE7C25E2AB59E74007701E6 /* NanumSquareRoundL.ttf in Resources */ = {isa = PBXBuildFile; fileRef = 0DE7C2562AB59E74007701E6 /* NanumSquareRoundL.ttf */; };
		0DE7C25F2AB59E74007701E6 /* NanumSquareRoundOTFR.otf in Resources */ = {isa = PBXBuildFile; fileRef = 0DE7C2572AB59E74007701E6 /* NanumSquareRoundOTFR.otf */; };
		0DE7C2602AB59E74007701E6 /* NanumSquareRoundEB.ttf in Resources */ = {isa = PBXBuildFile; fileRef = 0DE7C2582AB59E74007701E6 /* NanumSquareRoundEB.ttf */; };
		0DE7C2612AB59E74007701E6 /* NanumSquareRoundOTFB.otf in Resources */ = {isa = PBXBuildFile; fileRef = 0DE7C2592AB59E74007701E6 /* NanumSquareRoundOTFB.otf */; };
		0DE7C2622AB59E74007701E6 /* NanumSquareRoundB.ttf in Resources */ = {isa = PBXBuildFile; fileRef = 0DE7C25A2AB59E74007701E6 /* NanumSquareRoundB.ttf */; };
		0DE7C2632AB59E74007701E6 /* NanumSquareRoundR.ttf in Resources */ = {isa = PBXBuildFile; fileRef = 0DE7C25B2AB59E74007701E6 /* NanumSquareRoundR.ttf */; };
		0DE7C2642AB59E74007701E6 /* NanumSquareRoundOTFEB.otf in Resources */ = {isa = PBXBuildFile; fileRef = 0DE7C25C2AB59E74007701E6 /* NanumSquareRoundOTFEB.otf */; };
		0DE7C2652AB59E74007701E6 /* NanumSquareRoundOTFL.otf in Resources */ = {isa = PBXBuildFile; fileRef = 0DE7C25D2AB59E74007701E6 /* NanumSquareRoundOTFL.otf */; };
		0DE7C27A2AB5A165007701E6 /* MainView.swift in Sources */ = {isa = PBXBuildFile; fileRef = 0DE7C2792AB5A165007701E6 /* MainView.swift */; };
		0DE7C27C2AB5A1AA007701E6 /* RecordView.swift in Sources */ = {isa = PBXBuildFile; fileRef = 0DE7C27B2AB5A1AA007701E6 /* RecordView.swift */; };
		0DE7C27F2AB5A806007701E6 /* HomeStepCard.swift in Sources */ = {isa = PBXBuildFile; fileRef = 0DE7C27E2AB5A806007701E6 /* HomeStepCard.swift */; };
		0DE7C2812AB5DED5007701E6 /* ReadView.swift in Sources */ = {isa = PBXBuildFile; fileRef = 0DE7C2802AB5DED5007701E6 /* ReadView.swift */; };
		0DE7C2832AB788D1007701E6 /* NavigationModefier.swift in Sources */ = {isa = PBXBuildFile; fileRef = 0DE7C2822AB788D1007701E6 /* NavigationModefier.swift */; };
		0DE7C2852AB788E5007701E6 /* Ext+View.swift in Sources */ = {isa = PBXBuildFile; fileRef = 0DE7C2842AB788E5007701E6 /* Ext+View.swift */; };
		0DE7C2872AB78D5E007701E6 /* ReadVM.swift in Sources */ = {isa = PBXBuildFile; fileRef = 0DE7C2862AB78D5E007701E6 /* ReadVM.swift */; };
		0DE7C28C2AB799F2007701E6 /* TrainingSteps.swift in Sources */ = {isa = PBXBuildFile; fileRef = 0DE7C28B2AB799F2007701E6 /* TrainingSteps.swift */; };
		0DE7C28E2AB8273F007701E6 /* Ext+UITabBarControlelr.swift in Sources */ = {isa = PBXBuildFile; fileRef = 0DE7C28D2AB8273F007701E6 /* Ext+UITabBarControlelr.swift */; };
		0DF080B22AB987C500002D96 /* WordCard.swift in Sources */ = {isa = PBXBuildFile; fileRef = 0DF080B12AB987C500002D96 /* WordCard.swift */; };
		0DF080B42AB9AC1600002D96 /* RecordVM.swift in Sources */ = {isa = PBXBuildFile; fileRef = 0DF080B32AB9AC1600002D96 /* RecordVM.swift */; };
		0DF080B62AB9AC2700002D96 /* Strings.swift in Sources */ = {isa = PBXBuildFile; fileRef = 0DF080B52AB9AC2700002D96 /* Strings.swift */; };
		0DF080B82AB9AC5200002D96 /* RecordListCard.swift in Sources */ = {isa = PBXBuildFile; fileRef = 0DF080B72AB9AC5200002D96 /* RecordListCard.swift */; };
		0DF080BA2AB9AD3E00002D96 /* Voicerecord.swift in Sources */ = {isa = PBXBuildFile; fileRef = 0DF080B92AB9AD3E00002D96 /* Voicerecord.swift */; };
		0DF080BC2AB9AD4F00002D96 /* VoicerecordVM.swift in Sources */ = {isa = PBXBuildFile; fileRef = 0DF080BB2AB9AD4F00002D96 /* VoicerecordVM.swift */; };
		0DFD87C02ABA19C600C0DC8D /* Lottie in Frameworks */ = {isa = PBXBuildFile; productRef = 0DFD87BF2ABA19C600C0DC8D /* Lottie */; };
		0DFD87C22ABA1C7E00C0DC8D /* LottieView.swift in Sources */ = {isa = PBXBuildFile; fileRef = 0DFD87C12ABA1C7E00C0DC8D /* LottieView.swift */; };
		0DFD87CC2ABAECD900C0DC8D /* micAnimation.json in Resources */ = {isa = PBXBuildFile; fileRef = 0DFD87CB2ABAECD900C0DC8D /* micAnimation.json */; };
		0DFD87CE2ABC3ECC00C0DC8D /* VoiceRecoder.swift in Sources */ = {isa = PBXBuildFile; fileRef = 0DFD87CD2ABC3ECC00C0DC8D /* VoiceRecoder.swift */; };
		622A781D2ABAD4D4004CAEF2 /* VoicePlayerVM.swift in Sources */ = {isa = PBXBuildFile; fileRef = 622A781C2ABAD4D4004CAEF2 /* VoicePlayerVM.swift */; };
		622A781F2ABAFA15004CAEF2 /* PlayerState.swift in Sources */ = {isa = PBXBuildFile; fileRef = 622A781E2ABAFA15004CAEF2 /* PlayerState.swift */; };
		DBB9F6AE2AB4A87000E7A5C0 /* AllrightApp.swift in Sources */ = {isa = PBXBuildFile; fileRef = DBB9F6AD2AB4A87000E7A5C0 /* AllrightApp.swift */; };
		DBB9F6B02AB4A87000E7A5C0 /* HomeView.swift in Sources */ = {isa = PBXBuildFile; fileRef = DBB9F6AF2AB4A87000E7A5C0 /* HomeView.swift */; };
		DBB9F6B22AB4A87100E7A5C0 /* Assets.xcassets in Resources */ = {isa = PBXBuildFile; fileRef = DBB9F6B12AB4A87100E7A5C0 /* Assets.xcassets */; };
		DBB9F6B52AB4A87100E7A5C0 /* Preview Assets.xcassets in Resources */ = {isa = PBXBuildFile; fileRef = DBB9F6B42AB4A87100E7A5C0 /* Preview Assets.xcassets */; };
/* End PBXBuildFile section */

/* Begin PBXFileReference section */
		0DE7C2332AB58E88007701E6 /* Ext+Color.swift */ = {isa = PBXFileReference; lastKnownFileType = sourcecode.swift; path = "Ext+Color.swift"; sourceTree = "<group>"; };
		0DE7C2362AB58F94007701E6 /* Colors.swift */ = {isa = PBXFileReference; lastKnownFileType = sourcecode.swift; path = Colors.swift; sourceTree = "<group>"; };
		0DE7C23A2AB59485007701E6 /* Ext+UIScreen.swift */ = {isa = PBXFileReference; lastKnownFileType = sourcecode.swift; path = "Ext+UIScreen.swift"; sourceTree = "<group>"; };
		0DE7C23C2AB594B4007701E6 /* Ext+Font.swift */ = {isa = PBXFileReference; lastKnownFileType = sourcecode.swift; path = "Ext+Font.swift"; sourceTree = "<group>"; };
		0DE7C23E2AB597D7007701E6 /* HomeVM.swift */ = {isa = PBXFileReference; lastKnownFileType = sourcecode.swift; path = HomeVM.swift; sourceTree = "<group>"; };
		0DE7C2562AB59E74007701E6 /* NanumSquareRoundL.ttf */ = {isa = PBXFileReference; lastKnownFileType = file; path = NanumSquareRoundL.ttf; sourceTree = "<group>"; };
		0DE7C2572AB59E74007701E6 /* NanumSquareRoundOTFR.otf */ = {isa = PBXFileReference; lastKnownFileType = file; path = NanumSquareRoundOTFR.otf; sourceTree = "<group>"; };
		0DE7C2582AB59E74007701E6 /* NanumSquareRoundEB.ttf */ = {isa = PBXFileReference; lastKnownFileType = file; path = NanumSquareRoundEB.ttf; sourceTree = "<group>"; };
		0DE7C2592AB59E74007701E6 /* NanumSquareRoundOTFB.otf */ = {isa = PBXFileReference; lastKnownFileType = file; path = NanumSquareRoundOTFB.otf; sourceTree = "<group>"; };
		0DE7C25A2AB59E74007701E6 /* NanumSquareRoundB.ttf */ = {isa = PBXFileReference; lastKnownFileType = file; path = NanumSquareRoundB.ttf; sourceTree = "<group>"; };
		0DE7C25B2AB59E74007701E6 /* NanumSquareRoundR.ttf */ = {isa = PBXFileReference; lastKnownFileType = file; path = NanumSquareRoundR.ttf; sourceTree = "<group>"; };
		0DE7C25C2AB59E74007701E6 /* NanumSquareRoundOTFEB.otf */ = {isa = PBXFileReference; lastKnownFileType = file; path = NanumSquareRoundOTFEB.otf; sourceTree = "<group>"; };
		0DE7C25D2AB59E74007701E6 /* NanumSquareRoundOTFL.otf */ = {isa = PBXFileReference; lastKnownFileType = file; path = NanumSquareRoundOTFL.otf; sourceTree = "<group>"; };
		0DE7C2782AB59EB4007701E6 /* Info.plist */ = {isa = PBXFileReference; lastKnownFileType = text.plist; path = Info.plist; sourceTree = "<group>"; };
		0DE7C2792AB5A165007701E6 /* MainView.swift */ = {isa = PBXFileReference; lastKnownFileType = sourcecode.swift; path = MainView.swift; sourceTree = "<group>"; };
		0DE7C27B2AB5A1AA007701E6 /* RecordView.swift */ = {isa = PBXFileReference; lastKnownFileType = sourcecode.swift; path = RecordView.swift; sourceTree = "<group>"; };
		0DE7C27E2AB5A806007701E6 /* HomeStepCard.swift */ = {isa = PBXFileReference; lastKnownFileType = sourcecode.swift; path = HomeStepCard.swift; sourceTree = "<group>"; };
		0DE7C2802AB5DED5007701E6 /* ReadView.swift */ = {isa = PBXFileReference; lastKnownFileType = sourcecode.swift; path = ReadView.swift; sourceTree = "<group>"; };
		0DE7C2822AB788D1007701E6 /* NavigationModefier.swift */ = {isa = PBXFileReference; lastKnownFileType = sourcecode.swift; path = NavigationModefier.swift; sourceTree = "<group>"; };
		0DE7C2842AB788E5007701E6 /* Ext+View.swift */ = {isa = PBXFileReference; lastKnownFileType = sourcecode.swift; path = "Ext+View.swift"; sourceTree = "<group>"; };
		0DE7C2862AB78D5E007701E6 /* ReadVM.swift */ = {isa = PBXFileReference; lastKnownFileType = sourcecode.swift; path = ReadVM.swift; sourceTree = "<group>"; };
		0DE7C28B2AB799F2007701E6 /* TrainingSteps.swift */ = {isa = PBXFileReference; lastKnownFileType = sourcecode.swift; path = TrainingSteps.swift; sourceTree = "<group>"; };
		0DE7C28D2AB8273F007701E6 /* Ext+UITabBarControlelr.swift */ = {isa = PBXFileReference; lastKnownFileType = sourcecode.swift; path = "Ext+UITabBarControlelr.swift"; sourceTree = "<group>"; };
		0DF080B12AB987C500002D96 /* WordCard.swift */ = {isa = PBXFileReference; lastKnownFileType = sourcecode.swift; path = WordCard.swift; sourceTree = "<group>"; };
		0DF080B32AB9AC1600002D96 /* RecordVM.swift */ = {isa = PBXFileReference; fileEncoding = 4; lastKnownFileType = sourcecode.swift; path = RecordVM.swift; sourceTree = "<group>"; };
		0DF080B52AB9AC2700002D96 /* Strings.swift */ = {isa = PBXFileReference; fileEncoding = 4; lastKnownFileType = sourcecode.swift; path = Strings.swift; sourceTree = "<group>"; };
		0DF080B72AB9AC5200002D96 /* RecordListCard.swift */ = {isa = PBXFileReference; fileEncoding = 4; lastKnownFileType = sourcecode.swift; path = RecordListCard.swift; sourceTree = "<group>"; };
		0DF080B92AB9AD3E00002D96 /* Voicerecord.swift */ = {isa = PBXFileReference; fileEncoding = 4; lastKnownFileType = sourcecode.swift; path = Voicerecord.swift; sourceTree = "<group>"; };
		0DF080BB2AB9AD4F00002D96 /* VoicerecordVM.swift */ = {isa = PBXFileReference; fileEncoding = 4; lastKnownFileType = sourcecode.swift; path = VoicerecordVM.swift; sourceTree = "<group>"; };
		0DFD87C12ABA1C7E00C0DC8D /* LottieView.swift */ = {isa = PBXFileReference; lastKnownFileType = sourcecode.swift; path = LottieView.swift; sourceTree = "<group>"; };
		0DFD87CB2ABAECD900C0DC8D /* micAnimation.json */ = {isa = PBXFileReference; fileEncoding = 4; lastKnownFileType = text.json; path = micAnimation.json; sourceTree = "<group>"; };
		0DFD87CD2ABC3ECC00C0DC8D /* VoiceRecoder.swift */ = {isa = PBXFileReference; lastKnownFileType = sourcecode.swift; path = VoiceRecoder.swift; sourceTree = "<group>"; };
		622A781C2ABAD4D4004CAEF2 /* VoicePlayerVM.swift */ = {isa = PBXFileReference; lastKnownFileType = sourcecode.swift; path = VoicePlayerVM.swift; sourceTree = "<group>"; };
		622A781E2ABAFA15004CAEF2 /* PlayerState.swift */ = {isa = PBXFileReference; lastKnownFileType = sourcecode.swift; path = PlayerState.swift; sourceTree = "<group>"; };
		DBB9F6AA2AB4A87000E7A5C0 /* Allright.app */ = {isa = PBXFileReference; explicitFileType = wrapper.application; includeInIndex = 0; path = Allright.app; sourceTree = BUILT_PRODUCTS_DIR; };
		DBB9F6AD2AB4A87000E7A5C0 /* AllrightApp.swift */ = {isa = PBXFileReference; lastKnownFileType = sourcecode.swift; path = AllrightApp.swift; sourceTree = "<group>"; };
		DBB9F6AF2AB4A87000E7A5C0 /* HomeView.swift */ = {isa = PBXFileReference; lastKnownFileType = sourcecode.swift; path = HomeView.swift; sourceTree = "<group>"; };
		DBB9F6B12AB4A87100E7A5C0 /* Assets.xcassets */ = {isa = PBXFileReference; lastKnownFileType = folder.assetcatalog; path = Assets.xcassets; sourceTree = "<group>"; };
		DBB9F6B42AB4A87100E7A5C0 /* Preview Assets.xcassets */ = {isa = PBXFileReference; lastKnownFileType = folder.assetcatalog; path = "Preview Assets.xcassets"; sourceTree = "<group>"; };
/* End PBXFileReference section */

/* Begin PBXFrameworksBuildPhase section */
		DBB9F6A72AB4A87000E7A5C0 /* Frameworks */ = {
			isa = PBXFrameworksBuildPhase;
			buildActionMask = 2147483647;
			files = (
				0DFD87C02ABA19C600C0DC8D /* Lottie in Frameworks */,
			);
			runOnlyForDeploymentPostprocessing = 0;
		};
/* End PBXFrameworksBuildPhase section */

/* Begin PBXGroup section */
		0DE7C2302AB58E04007701E6 /* Page */ = {
			isa = PBXGroup;
			children = (
				0DF080BB2AB9AD4F00002D96 /* VoicerecordVM.swift */,
				622A781C2ABAD4D4004CAEF2 /* VoicePlayerVM.swift */,
				0DE7C27D2AB5A7F0007701E6 /* Component */,
				0DE7C2312AB58E0A007701E6 /* Home */,
				0DE7C28F2AB83E4B007701E6 /* Record */,
				0DE7C2902AB83E52007701E6 /* Read */,
				0DE7C2912AB83E63007701E6 /* Main */,
			);
			path = Page;
			sourceTree = "<group>";
		};
		0DE7C2312AB58E0A007701E6 /* Home */ = {
			isa = PBXGroup;
			children = (
				DBB9F6AF2AB4A87000E7A5C0 /* HomeView.swift */,
				0DE7C23E2AB597D7007701E6 /* HomeVM.swift */,
			);
			path = Home;
			sourceTree = "<group>";
		};
		0DE7C2322AB58E78007701E6 /* Ext+ */ = {
			isa = PBXGroup;
			children = (
				0DE7C2332AB58E88007701E6 /* Ext+Color.swift */,
				0DE7C2842AB788E5007701E6 /* Ext+View.swift */,
				0DE7C23A2AB59485007701E6 /* Ext+UIScreen.swift */,
				0DE7C23C2AB594B4007701E6 /* Ext+Font.swift */,
				0DE7C28D2AB8273F007701E6 /* Ext+UITabBarControlelr.swift */,
			);
			path = "Ext+";
			sourceTree = "<group>";
		};
		0DE7C2352AB58F84007701E6 /* Common */ = {
			isa = PBXGroup;
			children = (
				0DF080B52AB9AC2700002D96 /* Strings.swift */,
				0DE7C2362AB58F94007701E6 /* Colors.swift */,
				0DE7C2822AB788D1007701E6 /* NavigationModefier.swift */,
				0DFD87CD2ABC3ECC00C0DC8D /* VoiceRecoder.swift */,
			);
			path = Common;
			sourceTree = "<group>";
		};
		0DE7C24B2AB59E57007701E6 /* Fonts */ = {
			isa = PBXGroup;
			children = (
				0DE7C25A2AB59E74007701E6 /* NanumSquareRoundB.ttf */,
				0DE7C2582AB59E74007701E6 /* NanumSquareRoundEB.ttf */,
				0DE7C2562AB59E74007701E6 /* NanumSquareRoundL.ttf */,
				0DE7C2592AB59E74007701E6 /* NanumSquareRoundOTFB.otf */,
				0DE7C25C2AB59E74007701E6 /* NanumSquareRoundOTFEB.otf */,
				0DE7C25D2AB59E74007701E6 /* NanumSquareRoundOTFL.otf */,
				0DE7C2572AB59E74007701E6 /* NanumSquareRoundOTFR.otf */,
				0DE7C25B2AB59E74007701E6 /* NanumSquareRoundR.ttf */,
			);
			path = Fonts;
			sourceTree = "<group>";
		};
		0DE7C27D2AB5A7F0007701E6 /* Component */ = {
			isa = PBXGroup;
			children = (
				0DF080B72AB9AC5200002D96 /* RecordListCard.swift */,
				0DE7C27E2AB5A806007701E6 /* HomeStepCard.swift */,
				0DF080B12AB987C500002D96 /* WordCard.swift */,
				0DFD87C12ABA1C7E00C0DC8D /* LottieView.swift */,
			);
			path = Component;
			sourceTree = "<group>";
		};
		0DE7C2882AB79950007701E6 /* Model */ = {
			isa = PBXGroup;
			children = (
				0DF080B92AB9AD3E00002D96 /* Voicerecord.swift */,
				0DE7C28B2AB799F2007701E6 /* TrainingSteps.swift */,
				622A781E2ABAFA15004CAEF2 /* PlayerState.swift */,
			);
			path = Model;
			sourceTree = "<group>";
		};
		0DE7C28F2AB83E4B007701E6 /* Record */ = {
			isa = PBXGroup;
			children = (
				0DF080B32AB9AC1600002D96 /* RecordVM.swift */,
				0DE7C27B2AB5A1AA007701E6 /* RecordView.swift */,
			);
			path = Record;
			sourceTree = "<group>";
		};
		0DE7C2902AB83E52007701E6 /* Read */ = {
			isa = PBXGroup;
			children = (
				0DE7C2802AB5DED5007701E6 /* ReadView.swift */,
				0DE7C2862AB78D5E007701E6 /* ReadVM.swift */,
			);
			path = Read;
			sourceTree = "<group>";
		};
		0DE7C2912AB83E63007701E6 /* Main */ = {
			isa = PBXGroup;
			children = (
				0DE7C2792AB5A165007701E6 /* MainView.swift */,
			);
			path = Main;
			sourceTree = "<group>";
		};
		DBB9F6A12AB4A87000E7A5C0 = {
			isa = PBXGroup;
			children = (
				DBB9F6AC2AB4A87000E7A5C0 /* Allright */,
				DBB9F6AB2AB4A87000E7A5C0 /* Products */,
			);
			sourceTree = "<group>";
		};
		DBB9F6AB2AB4A87000E7A5C0 /* Products */ = {
			isa = PBXGroup;
			children = (
				DBB9F6AA2AB4A87000E7A5C0 /* Allright.app */,
			);
			name = Products;
			sourceTree = "<group>";
		};
		DBB9F6AC2AB4A87000E7A5C0 /* Allright */ = {
			isa = PBXGroup;
			children = (
				0DE7C2782AB59EB4007701E6 /* Info.plist */,
				0DE7C24B2AB59E57007701E6 /* Fonts */,
				0DE7C2352AB58F84007701E6 /* Common */,
				0DE7C2322AB58E78007701E6 /* Ext+ */,
				0DE7C2882AB79950007701E6 /* Model */,
				0DE7C2302AB58E04007701E6 /* Page */,
				DBB9F6AD2AB4A87000E7A5C0 /* AllrightApp.swift */,
				0DFD87CB2ABAECD900C0DC8D /* micAnimation.json */,
				DBB9F6B12AB4A87100E7A5C0 /* Assets.xcassets */,
				DBB9F6B32AB4A87100E7A5C0 /* Preview Content */,
			);
			path = Allright;
			sourceTree = "<group>";
		};
		DBB9F6B32AB4A87100E7A5C0 /* Preview Content */ = {
			isa = PBXGroup;
			children = (
				DBB9F6B42AB4A87100E7A5C0 /* Preview Assets.xcassets */,
			);
			path = "Preview Content";
			sourceTree = "<group>";
		};
/* End PBXGroup section */

/* Begin PBXNativeTarget section */
		DBB9F6A92AB4A87000E7A5C0 /* Allright */ = {
			isa = PBXNativeTarget;
			buildConfigurationList = DBB9F6B82AB4A87100E7A5C0 /* Build configuration list for PBXNativeTarget "Allright" */;
			buildPhases = (
				DBB9F6A62AB4A87000E7A5C0 /* Sources */,
				DBB9F6A72AB4A87000E7A5C0 /* Frameworks */,
				DBB9F6A82AB4A87000E7A5C0 /* Resources */,
			);
			buildRules = (
			);
			dependencies = (
			);
			name = Allright;
			packageProductDependencies = (
				0DFD87BF2ABA19C600C0DC8D /* Lottie */,
			);
			productName = Allright;
			productReference = DBB9F6AA2AB4A87000E7A5C0 /* Allright.app */;
			productType = "com.apple.product-type.application";
		};
/* End PBXNativeTarget section */

/* Begin PBXProject section */
		DBB9F6A22AB4A87000E7A5C0 /* Project object */ = {
			isa = PBXProject;
			attributes = {
				BuildIndependentTargetsInParallel = 1;
				LastSwiftUpdateCheck = 1430;
				LastUpgradeCheck = 1430;
				TargetAttributes = {
					DBB9F6A92AB4A87000E7A5C0 = {
						CreatedOnToolsVersion = 14.3.1;
					};
				};
			};
			buildConfigurationList = DBB9F6A52AB4A87000E7A5C0 /* Build configuration list for PBXProject "Allright" */;
			compatibilityVersion = "Xcode 14.0";
			developmentRegion = en;
			hasScannedForEncodings = 0;
			knownRegions = (
				en,
				Base,
			);
			mainGroup = DBB9F6A12AB4A87000E7A5C0;
			packageReferences = (
				0DFD87BE2ABA19C600C0DC8D /* XCRemoteSwiftPackageReference "lottie-ios" */,
			);
			productRefGroup = DBB9F6AB2AB4A87000E7A5C0 /* Products */;
			projectDirPath = "";
			projectRoot = "";
			targets = (
				DBB9F6A92AB4A87000E7A5C0 /* Allright */,
			);
		};
/* End PBXProject section */

/* Begin PBXResourcesBuildPhase section */
		DBB9F6A82AB4A87000E7A5C0 /* Resources */ = {
			isa = PBXResourcesBuildPhase;
			buildActionMask = 2147483647;
			files = (
				0DE7C2642AB59E74007701E6 /* NanumSquareRoundOTFEB.otf in Resources */,
				DBB9F6B52AB4A87100E7A5C0 /* Preview Assets.xcassets in Resources */,
				DBB9F6B22AB4A87100E7A5C0 /* Assets.xcassets in Resources */,
				0DE7C2652AB59E74007701E6 /* NanumSquareRoundOTFL.otf in Resources */,
				0DE7C2602AB59E74007701E6 /* NanumSquareRoundEB.ttf in Resources */,
				0DE7C25E2AB59E74007701E6 /* NanumSquareRoundL.ttf in Resources */,
				0DE7C2612AB59E74007701E6 /* NanumSquareRoundOTFB.otf in Resources */,
				0DE7C25F2AB59E74007701E6 /* NanumSquareRoundOTFR.otf in Resources */,
				0DFD87CC2ABAECD900C0DC8D /* micAnimation.json in Resources */,
				0DE7C2632AB59E74007701E6 /* NanumSquareRoundR.ttf in Resources */,
				0DE7C2622AB59E74007701E6 /* NanumSquareRoundB.ttf in Resources */,
			);
			runOnlyForDeploymentPostprocessing = 0;
		};
/* End PBXResourcesBuildPhase section */

/* Begin PBXSourcesBuildPhase section */
		DBB9F6A62AB4A87000E7A5C0 /* Sources */ = {
			isa = PBXSourcesBuildPhase;
			buildActionMask = 2147483647;
			files = (
				0DF080B82AB9AC5200002D96 /* RecordListCard.swift in Sources */,
				0DE7C2872AB78D5E007701E6 /* ReadVM.swift in Sources */,
				0DE7C2342AB58E88007701E6 /* Ext+Color.swift in Sources */,
				0DFD87C22ABA1C7E00C0DC8D /* LottieView.swift in Sources */,
				0DFD87CE2ABC3ECC00C0DC8D /* VoiceRecoder.swift in Sources */,
				0DE7C2372AB58F94007701E6 /* Colors.swift in Sources */,
				622A781D2ABAD4D4004CAEF2 /* VoicePlayerVM.swift in Sources */,
				0DE7C28C2AB799F2007701E6 /* TrainingSteps.swift in Sources */,
				0DE7C27C2AB5A1AA007701E6 /* RecordView.swift in Sources */,
				0DF080B62AB9AC2700002D96 /* Strings.swift in Sources */,
				0DE7C2832AB788D1007701E6 /* NavigationModefier.swift in Sources */,
				0DE7C2812AB5DED5007701E6 /* ReadView.swift in Sources */,
				622A781F2ABAFA15004CAEF2 /* PlayerState.swift in Sources */,
				0DE7C27F2AB5A806007701E6 /* HomeStepCard.swift in Sources */,
				0DF080B42AB9AC1600002D96 /* RecordVM.swift in Sources */,
				0DF080B22AB987C500002D96 /* WordCard.swift in Sources */,
				0DE7C23F2AB597D7007701E6 /* HomeVM.swift in Sources */,
				0DF080BA2AB9AD3E00002D96 /* Voicerecord.swift in Sources */,
				0DF080BC2AB9AD4F00002D96 /* VoicerecordVM.swift in Sources */,
				0DE7C28E2AB8273F007701E6 /* Ext+UITabBarControlelr.swift in Sources */,
				0DE7C23B2AB59485007701E6 /* Ext+UIScreen.swift in Sources */,
				DBB9F6B02AB4A87000E7A5C0 /* HomeView.swift in Sources */,
				0DE7C2852AB788E5007701E6 /* Ext+View.swift in Sources */,
				0DE7C23D2AB594B4007701E6 /* Ext+Font.swift in Sources */,
				0DE7C27A2AB5A165007701E6 /* MainView.swift in Sources */,
				DBB9F6AE2AB4A87000E7A5C0 /* AllrightApp.swift in Sources */,
			);
			runOnlyForDeploymentPostprocessing = 0;
		};
/* End PBXSourcesBuildPhase section */

/* Begin XCBuildConfiguration section */
		DBB9F6B62AB4A87100E7A5C0 /* Debug */ = {
			isa = XCBuildConfiguration;
			buildSettings = {
				ALWAYS_SEARCH_USER_PATHS = NO;
				CLANG_ANALYZER_NONNULL = YES;
				CLANG_ANALYZER_NUMBER_OBJECT_CONVERSION = YES_AGGRESSIVE;
				CLANG_CXX_LANGUAGE_STANDARD = "gnu++20";
				CLANG_ENABLE_MODULES = YES;
				CLANG_ENABLE_OBJC_ARC = YES;
				CLANG_ENABLE_OBJC_WEAK = YES;
				CLANG_WARN_BLOCK_CAPTURE_AUTORELEASING = YES;
				CLANG_WARN_BOOL_CONVERSION = YES;
				CLANG_WARN_COMMA = YES;
				CLANG_WARN_CONSTANT_CONVERSION = YES;
				CLANG_WARN_DEPRECATED_OBJC_IMPLEMENTATIONS = YES;
				CLANG_WARN_DIRECT_OBJC_ISA_USAGE = YES_ERROR;
				CLANG_WARN_DOCUMENTATION_COMMENTS = YES;
				CLANG_WARN_EMPTY_BODY = YES;
				CLANG_WARN_ENUM_CONVERSION = YES;
				CLANG_WARN_INFINITE_RECURSION = YES;
				CLANG_WARN_INT_CONVERSION = YES;
				CLANG_WARN_NON_LITERAL_NULL_CONVERSION = YES;
				CLANG_WARN_OBJC_IMPLICIT_RETAIN_SELF = YES;
				CLANG_WARN_OBJC_LITERAL_CONVERSION = YES;
				CLANG_WARN_OBJC_ROOT_CLASS = YES_ERROR;
				CLANG_WARN_QUOTED_INCLUDE_IN_FRAMEWORK_HEADER = YES;
				CLANG_WARN_RANGE_LOOP_ANALYSIS = YES;
				CLANG_WARN_STRICT_PROTOTYPES = YES;
				CLANG_WARN_SUSPICIOUS_MOVE = YES;
				CLANG_WARN_UNGUARDED_AVAILABILITY = YES_AGGRESSIVE;
				CLANG_WARN_UNREACHABLE_CODE = YES;
				CLANG_WARN__DUPLICATE_METHOD_MATCH = YES;
				COPY_PHASE_STRIP = NO;
				DEBUG_INFORMATION_FORMAT = dwarf;
				ENABLE_STRICT_OBJC_MSGSEND = YES;
				ENABLE_TESTABILITY = YES;
				GCC_C_LANGUAGE_STANDARD = gnu11;
				GCC_DYNAMIC_NO_PIC = NO;
				GCC_NO_COMMON_BLOCKS = YES;
				GCC_OPTIMIZATION_LEVEL = 0;
				GCC_PREPROCESSOR_DEFINITIONS = (
					"DEBUG=1",
					"$(inherited)",
				);
				GCC_WARN_64_TO_32_BIT_CONVERSION = YES;
				GCC_WARN_ABOUT_RETURN_TYPE = YES_ERROR;
				GCC_WARN_UNDECLARED_SELECTOR = YES;
				GCC_WARN_UNINITIALIZED_AUTOS = YES_AGGRESSIVE;
				GCC_WARN_UNUSED_FUNCTION = YES;
				GCC_WARN_UNUSED_VARIABLE = YES;
				IPHONEOS_DEPLOYMENT_TARGET = 16.4;
				MTL_ENABLE_DEBUG_INFO = INCLUDE_SOURCE;
				MTL_FAST_MATH = YES;
				ONLY_ACTIVE_ARCH = YES;
				SDKROOT = iphoneos;
				SWIFT_ACTIVE_COMPILATION_CONDITIONS = DEBUG;
				SWIFT_OPTIMIZATION_LEVEL = "-Onone";
			};
			name = Debug;
		};
		DBB9F6B72AB4A87100E7A5C0 /* Release */ = {
			isa = XCBuildConfiguration;
			buildSettings = {
				ALWAYS_SEARCH_USER_PATHS = NO;
				CLANG_ANALYZER_NONNULL = YES;
				CLANG_ANALYZER_NUMBER_OBJECT_CONVERSION = YES_AGGRESSIVE;
				CLANG_CXX_LANGUAGE_STANDARD = "gnu++20";
				CLANG_ENABLE_MODULES = YES;
				CLANG_ENABLE_OBJC_ARC = YES;
				CLANG_ENABLE_OBJC_WEAK = YES;
				CLANG_WARN_BLOCK_CAPTURE_AUTORELEASING = YES;
				CLANG_WARN_BOOL_CONVERSION = YES;
				CLANG_WARN_COMMA = YES;
				CLANG_WARN_CONSTANT_CONVERSION = YES;
				CLANG_WARN_DEPRECATED_OBJC_IMPLEMENTATIONS = YES;
				CLANG_WARN_DIRECT_OBJC_ISA_USAGE = YES_ERROR;
				CLANG_WARN_DOCUMENTATION_COMMENTS = YES;
				CLANG_WARN_EMPTY_BODY = YES;
				CLANG_WARN_ENUM_CONVERSION = YES;
				CLANG_WARN_INFINITE_RECURSION = YES;
				CLANG_WARN_INT_CONVERSION = YES;
				CLANG_WARN_NON_LITERAL_NULL_CONVERSION = YES;
				CLANG_WARN_OBJC_IMPLICIT_RETAIN_SELF = YES;
				CLANG_WARN_OBJC_LITERAL_CONVERSION = YES;
				CLANG_WARN_OBJC_ROOT_CLASS = YES_ERROR;
				CLANG_WARN_QUOTED_INCLUDE_IN_FRAMEWORK_HEADER = YES;
				CLANG_WARN_RANGE_LOOP_ANALYSIS = YES;
				CLANG_WARN_STRICT_PROTOTYPES = YES;
				CLANG_WARN_SUSPICIOUS_MOVE = YES;
				CLANG_WARN_UNGUARDED_AVAILABILITY = YES_AGGRESSIVE;
				CLANG_WARN_UNREACHABLE_CODE = YES;
				CLANG_WARN__DUPLICATE_METHOD_MATCH = YES;
				COPY_PHASE_STRIP = NO;
				DEBUG_INFORMATION_FORMAT = "dwarf-with-dsym";
				ENABLE_NS_ASSERTIONS = NO;
				ENABLE_STRICT_OBJC_MSGSEND = YES;
				GCC_C_LANGUAGE_STANDARD = gnu11;
				GCC_NO_COMMON_BLOCKS = YES;
				GCC_WARN_64_TO_32_BIT_CONVERSION = YES;
				GCC_WARN_ABOUT_RETURN_TYPE = YES_ERROR;
				GCC_WARN_UNDECLARED_SELECTOR = YES;
				GCC_WARN_UNINITIALIZED_AUTOS = YES_AGGRESSIVE;
				GCC_WARN_UNUSED_FUNCTION = YES;
				GCC_WARN_UNUSED_VARIABLE = YES;
				IPHONEOS_DEPLOYMENT_TARGET = 16.4;
				MTL_ENABLE_DEBUG_INFO = NO;
				MTL_FAST_MATH = YES;
				SDKROOT = iphoneos;
				SWIFT_COMPILATION_MODE = wholemodule;
				SWIFT_OPTIMIZATION_LEVEL = "-O";
				VALIDATE_PRODUCT = YES;
			};
			name = Release;
		};
		DBB9F6B92AB4A87100E7A5C0 /* Debug */ = {
			isa = XCBuildConfiguration;
			buildSettings = {
				ASSETCATALOG_COMPILER_APPICON_NAME = AppIcon;
				ASSETCATALOG_COMPILER_GLOBAL_ACCENT_COLOR_NAME = AccentColor;
				CODE_SIGN_IDENTITY = "Apple Development";
				CODE_SIGN_STYLE = Automatic;
				CURRENT_PROJECT_VERSION = 1;
				DEVELOPMENT_ASSET_PATHS = "\"Allright/Preview Content\"";
				DEVELOPMENT_TEAM = YZCVM66B66;
				ENABLE_PREVIEWS = YES;
				GENERATE_INFOPLIST_FILE = YES;
				INFOPLIST_FILE = Allright/Info.plist;
				INFOPLIST_KEY_UIApplicationSceneManifest_Generation = YES;
				INFOPLIST_KEY_UIApplicationSupportsIndirectInputEvents = YES;
				INFOPLIST_KEY_UILaunchScreen_Generation = YES;
				INFOPLIST_KEY_UISupportedInterfaceOrientations_iPad = "UIInterfaceOrientationPortrait UIInterfaceOrientationPortraitUpsideDown UIInterfaceOrientationLandscapeLeft UIInterfaceOrientationLandscapeRight";
				INFOPLIST_KEY_UISupportedInterfaceOrientations_iPhone = "UIInterfaceOrientationPortrait UIInterfaceOrientationLandscapeLeft UIInterfaceOrientationLandscapeRight";
				LD_RUNPATH_SEARCH_PATHS = (
					"$(inherited)",
					"@executable_path/Frameworks",
				);
				MARKETING_VERSION = 1.0;
				PRODUCT_BUNDLE_IDENTIFIER = com.booster.Allright;
				PRODUCT_NAME = "$(TARGET_NAME)";
				PROVISIONING_PROFILE_SPECIFIER = "";
				SWIFT_EMIT_LOC_STRINGS = YES;
				SWIFT_VERSION = 5.0;
				TARGETED_DEVICE_FAMILY = "1,2";
			};
			name = Debug;
		};
		DBB9F6BA2AB4A87100E7A5C0 /* Release */ = {
			isa = XCBuildConfiguration;
			buildSettings = {
				ASSETCATALOG_COMPILER_APPICON_NAME = AppIcon;
				ASSETCATALOG_COMPILER_GLOBAL_ACCENT_COLOR_NAME = AccentColor;
				CODE_SIGN_IDENTITY = "Apple Development";
				CODE_SIGN_STYLE = Automatic;
				CURRENT_PROJECT_VERSION = 1;
				DEVELOPMENT_ASSET_PATHS = "\"Allright/Preview Content\"";
				DEVELOPMENT_TEAM = YZCVM66B66;
				ENABLE_PREVIEWS = YES;
				GENERATE_INFOPLIST_FILE = YES;
				INFOPLIST_FILE = Allright/Info.plist;
				INFOPLIST_KEY_UIApplicationSceneManifest_Generation = YES;
				INFOPLIST_KEY_UIApplicationSupportsIndirectInputEvents = YES;
				INFOPLIST_KEY_UILaunchScreen_Generation = YES;
				INFOPLIST_KEY_UISupportedInterfaceOrientations_iPad = "UIInterfaceOrientationPortrait UIInterfaceOrientationPortraitUpsideDown UIInterfaceOrientationLandscapeLeft UIInterfaceOrientationLandscapeRight";
				INFOPLIST_KEY_UISupportedInterfaceOrientations_iPhone = "UIInterfaceOrientationPortrait UIInterfaceOrientationLandscapeLeft UIInterfaceOrientationLandscapeRight";
				LD_RUNPATH_SEARCH_PATHS = (
					"$(inherited)",
					"@executable_path/Frameworks",
				);
				MARKETING_VERSION = 1.0;
				PRODUCT_BUNDLE_IDENTIFIER = com.booster.Allright;
				PRODUCT_NAME = "$(TARGET_NAME)";
				PROVISIONING_PROFILE_SPECIFIER = "";
				SWIFT_EMIT_LOC_STRINGS = YES;
				SWIFT_VERSION = 5.0;
				TARGETED_DEVICE_FAMILY = "1,2";
			};
			name = Release;
		};
/* End XCBuildConfiguration section */

/* Begin XCConfigurationList section */
		DBB9F6A52AB4A87000E7A5C0 /* Build configuration list for PBXProject "Allright" */ = {
			isa = XCConfigurationList;
			buildConfigurations = (
				DBB9F6B62AB4A87100E7A5C0 /* Debug */,
				DBB9F6B72AB4A87100E7A5C0 /* Release */,
			);
			defaultConfigurationIsVisible = 0;
			defaultConfigurationName = Release;
		};
		DBB9F6B82AB4A87100E7A5C0 /* Build configuration list for PBXNativeTarget "Allright" */ = {
			isa = XCConfigurationList;
			buildConfigurations = (
				DBB9F6B92AB4A87100E7A5C0 /* Debug */,
				DBB9F6BA2AB4A87100E7A5C0 /* Release */,
			);
			defaultConfigurationIsVisible = 0;
			defaultConfigurationName = Release;
		};
/* End XCConfigurationList section */

/* Begin XCRemoteSwiftPackageReference section */
		0DFD87BE2ABA19C600C0DC8D /* XCRemoteSwiftPackageReference "lottie-ios" */ = {
			isa = XCRemoteSwiftPackageReference;
			repositoryURL = "https://github.com/airbnb/lottie-ios.git";
			requirement = {
				kind = upToNextMajorVersion;
				minimumVersion = 4.0.0;
			};
		};
/* End XCRemoteSwiftPackageReference section */

/* Begin XCSwiftPackageProductDependency section */
		0DFD87BF2ABA19C600C0DC8D /* Lottie */ = {
			isa = XCSwiftPackageProductDependency;
			package = 0DFD87BE2ABA19C600C0DC8D /* XCRemoteSwiftPackageReference "lottie-ios" */;
			productName = Lottie;
		};
/* End XCSwiftPackageProductDependency section */
	};
	rootObject = DBB9F6A22AB4A87000E7A5C0 /* Project object */;
}
